
Microsoft Visual Studio Solution File, Format Version 12.00
# Visual Studio 2012
Project("{FAE04EC0-301F-11D3-BF4B-00C04F79EFBC}") = "CSVViewer", "CSVViewer\CSVViewer.csproj", "{A740FEA6-94DE-4CEE-ADF9-5CB3D870CBDF}"
EndProject
Global
	GlobalSection(SolutionConfigurationPlatforms) = preSolution
		Debug|Any CPU = Debug|Any CPU
		Release|Any CPU = Release|Any CPU
	EndGlobalSection
	GlobalSection(ProjectConfigurationPlatforms) = postSolution
		{A740FEA6-94DE-4CEE-ADF9-5CB3D870CBDF}.Debug|Any CPU.ActiveCfg = Debug|Any CPU
		{A740FEA6-94DE-4CEE-ADF9-5CB3D870CBDF}.Debug|Any CPU.Build.0 = Debug|Any CPU
		{A740FEA6-94DE-4CEE-ADF9-5CB3D870CBDF}.Release|Any CPU.ActiveCfg = Release|Any CPU
		{A740FEA6-94DE-4CEE-ADF9-5CB3D870CBDF}.Release|Any CPU.Build.0 = Release|Any CPU
	EndGlobalSection
	GlobalSection(SolutionProperties) = preSolution
		HideSolutionNode = FALSE
	EndGlobalSection
EndGlobal
